<Solution>
  <Project Path="Punto1/Punto1.csproj" Id="5c9e1668-b672-488a-a576-2dc9064ec5f1" />
  <Project Path="Punto2/Punto2.csproj" Id="92b29043-13ab-4fda-bcd7-8a6090c9ba07" />
  <Project Path="Punto3/Punto3.csproj" Id="e4e13d1a-5994-4d2a-8a9f-2468e99dd3b3" />
  <Project Path="Punto4/Punto4.csproj" Id="4a5e17f4-3684-407d-957f-3e02c6fd9b7a" />
</Solution>
