<Solution>
  <Project Path="Punto1/Punto1.csproj" Id="eec7e88f-651b-4750-9a4a-260e85444e50" />
  <Project Path="Punto2/Punto2.csproj" Id="4959add7-8fff-4a96-b5b4-18a73545026b" />
  <Project Path="Punto3/Punto3.csproj" Id="55b2e261-13e5-430b-b2f4-3a9bed1fd1de" />
  <Project Path="Punto4/Punto4.csproj" Id="8263144f-3915-461a-bebd-5a9fcdbb2875" />
</Solution>
