<Solution>
  <Project Path="Punto1/Punto1.csproj" Id="1ab35cc2-5dde-4424-adb9-b8ca2acd58d4" />
  <Project Path="Punto2/Punto2.csproj" Id="8a7940ec-af5d-49cd-9579-bc8a7ea1ce7a" />
  <Project Path="Punto3/Punto3.csproj" Id="0fdd4c5a-8a11-4e62-9c36-ab00c31b6e41" />
  <Project Path="Punto4/Punto4.csproj" Id="2b873cc1-6be1-4259-bf57-cde38e012aaf" />
</Solution>
